
Microsoft Visual Studio Solution File, Format Version 12.00
# Visual Studio 15
Project("{FAE04EC0-301F-11D3-BF4B-00C04F79EFBC}") = "Boxophobic.Utils.Editor", "Boxophobic.Utils.Editor.csproj", "{9305642B-0FAA-03D4-A92A-FE41F4428058}"
EndProject
Project("{FAE04EC0-301F-11D3-BF4B-00C04F79EFBC}") = "Assembly-CSharp", "Assembly-CSharp.csproj", "{D6AA4124-B707-F1FA-AC89-0E7D003793DA}"
EndProject
Project("{FAE04EC0-301F-11D3-BF4B-00C04F79EFBC}") = "Assembly-CSharp-Editor", "Assembly-CSharp-Editor.csproj", "{EB1FFE3E-1EED-A138-CBB2-E67EA29B5072}"
EndProject
Project("{FAE04EC0-301F-11D3-BF4B-00C04F79EFBC}") = "Boxophobic.Utils.Scripts", "Boxophobic.Utils.Scripts.csproj", "{7F5F280E-B602-CC8E-BF01-73D26EF5BF68}"
EndProject
Project("{FAE04EC0-301F-11D3-BF4B-00C04F79EFBC}") = "Boxophobic.SkyboxCubemapExtended.Editor", "Boxophobic.SkyboxCubemapExtended.Editor.csproj", "{93C0FCCF-4A94-0745-C14F-5C2526D4DCEC}"
EndProject
Global
	GlobalSection(SolutionConfigurationPlatforms) = preSolution
		Debug|Any CPU = Debug|Any CPU
		Release|Any CPU = Release|Any CPU
	EndGlobalSection
	GlobalSection(ProjectConfigurationPlatforms) = postSolution
		{9305642B-0FAA-03D4-A92A-FE41F4428058}.Debug|Any CPU.ActiveCfg = Debug|Any CPU
		{9305642B-0FAA-03D4-A92A-FE41F4428058}.Debug|Any CPU.Build.0 = Debug|Any CPU
		{9305642B-0FAA-03D4-A92A-FE41F4428058}.Release|Any CPU.ActiveCfg = Release|Any CPU
		{9305642B-0FAA-03D4-A92A-FE41F4428058}.Release|Any CPU.Build.0 = Release|Any CPU
		{D6AA4124-B707-F1FA-AC89-0E7D003793DA}.Debug|Any CPU.ActiveCfg = Debug|Any CPU
		{D6AA4124-B707-F1FA-AC89-0E7D003793DA}.Debug|Any CPU.Build.0 = Debug|Any CPU
		{D6AA4124-B707-F1FA-AC89-0E7D003793DA}.Release|Any CPU.ActiveCfg = Release|Any CPU
		{D6AA4124-B707-F1FA-AC89-0E7D003793DA}.Release|Any CPU.Build.0 = Release|Any CPU
		{EB1FFE3E-1EED-A138-CBB2-E67EA29B5072}.Debug|Any CPU.ActiveCfg = Debug|Any CPU
		{EB1FFE3E-1EED-A138-CBB2-E67EA29B5072}.Debug|Any CPU.Build.0 = Debug|Any CPU
		{EB1FFE3E-1EED-A138-CBB2-E67EA29B5072}.Release|Any CPU.ActiveCfg = Release|Any CPU
		{EB1FFE3E-1EED-A138-CBB2-E67EA29B5072}.Release|Any CPU.Build.0 = Release|Any CPU
		{7F5F280E-B602-CC8E-BF01-73D26EF5BF68}.Debug|Any CPU.ActiveCfg = Debug|Any CPU
		{7F5F280E-B602-CC8E-BF01-73D26EF5BF68}.Debug|Any CPU.Build.0 = Debug|Any CPU
		{7F5F280E-B602-CC8E-BF01-73D26EF5BF68}.Release|Any CPU.ActiveCfg = Release|Any CPU
		{7F5F280E-B602-CC8E-BF01-73D26EF5BF68}.Release|Any CPU.Build.0 = Release|Any CPU
		{93C0FCCF-4A94-0745-C14F-5C2526D4DCEC}.Debug|Any CPU.ActiveCfg = Debug|Any CPU
		{93C0FCCF-4A94-0745-C14F-5C2526D4DCEC}.Debug|Any CPU.Build.0 = Debug|Any CPU
		{93C0FCCF-4A94-0745-C14F-5C2526D4DCEC}.Release|Any CPU.ActiveCfg = Release|Any CPU
		{93C0FCCF-4A94-0745-C14F-5C2526D4DCEC}.Release|Any CPU.Build.0 = Release|Any CPU
	EndGlobalSection
	GlobalSection(SolutionProperties) = preSolution
		HideSolutionNode = FALSE
	EndGlobalSection
EndGlobal
